
Microsoft Visual Studio Solution File, Format Version 12.00
# Visual Studio 15
VisualStudioVersion = 15.0.26730.8
MinimumVisualStudioVersion = 10.0.40219.1
Project("{FAE04EC0-301F-11D3-BF4B-00C04F79EFBC}") = "Poengrenn.API", "Poengrenn.API\Poengrenn.API.csproj", "{437563F0-53F4-4DDE-915B-1A84FAC887DC}"
EndProject
Project("{FAE04EC0-301F-11D3-BF4B-00C04F79EFBC}") = "Poengrenn.DAL", "Poengrenn.DAL\Poengrenn.DAL.csproj", "{487BC154-8A44-488C-BDB9-45BCBA07F65D}"
EndProject
Project("{E24C65DC-7377-472B-9ABA-BC803B73C61A}") = "Poengrenn.Web", "..\Poengrenn.Web\", "{2141F090-565A-4BA0-9795-4F7BD236E1DA}"
	ProjectSection(WebsiteProperties) = preProject
		TargetFrameworkMoniker = ".NETFramework,Version%3Dv4.0"
		Debug.AspNetCompiler.VirtualPath = "/localhost_59818"
		Debug.AspNetCompiler.PhysicalPath = "..\Poengrenn.Web\"
		Debug.AspNetCompiler.TargetPath = "PrecompiledWeb\localhost_59818\"
		Debug.AspNetCompiler.Updateable = "true"
		Debug.AspNetCompiler.ForceOverwrite = "true"
		Debug.AspNetCompiler.FixedNames = "false"
		Debug.AspNetCompiler.Debug = "True"
		Release.AspNetCompiler.VirtualPath = "/localhost_59818"
		Release.AspNetCompiler.PhysicalPath = "..\Poengrenn.Web\"
		Release.AspNetCompiler.TargetPath = "PrecompiledWeb\localhost_59818\"
		Release.AspNetCompiler.Updateable = "true"
		Release.AspNetCompiler.ForceOverwrite = "true"
		Release.AspNetCompiler.FixedNames = "false"
		Release.AspNetCompiler.Debug = "False"
		VWDPort = "59818"
		SlnRelativePath = "..\Poengrenn.Web\"
	EndProjectSection
EndProject
Global
	GlobalSection(SolutionConfigurationPlatforms) = preSolution
		Debug|Any CPU = Debug|Any CPU
		Release|Any CPU = Release|Any CPU
	EndGlobalSection
	GlobalSection(ProjectConfigurationPlatforms) = postSolution
		{437563F0-53F4-4DDE-915B-1A84FAC887DC}.Debug|Any CPU.ActiveCfg = Debug|Any CPU
		{437563F0-53F4-4DDE-915B-1A84FAC887DC}.Debug|Any CPU.Build.0 = Debug|Any CPU
		{437563F0-53F4-4DDE-915B-1A84FAC887DC}.Release|Any CPU.ActiveCfg = Release|Any CPU
		{437563F0-53F4-4DDE-915B-1A84FAC887DC}.Release|Any CPU.Build.0 = Release|Any CPU
		{487BC154-8A44-488C-BDB9-45BCBA07F65D}.Debug|Any CPU.ActiveCfg = Debug|Any CPU
		{487BC154-8A44-488C-BDB9-45BCBA07F65D}.Debug|Any CPU.Build.0 = Debug|Any CPU
		{487BC154-8A44-488C-BDB9-45BCBA07F65D}.Release|Any CPU.ActiveCfg = Release|Any CPU
		{487BC154-8A44-488C-BDB9-45BCBA07F65D}.Release|Any CPU.Build.0 = Release|Any CPU
		{2141F090-565A-4BA0-9795-4F7BD236E1DA}.Debug|Any CPU.ActiveCfg = Debug|Any CPU
		{2141F090-565A-4BA0-9795-4F7BD236E1DA}.Debug|Any CPU.Build.0 = Debug|Any CPU
		{2141F090-565A-4BA0-9795-4F7BD236E1DA}.Release|Any CPU.ActiveCfg = Debug|Any CPU
		{2141F090-565A-4BA0-9795-4F7BD236E1DA}.Release|Any CPU.Build.0 = Debug|Any CPU
	EndGlobalSection
	GlobalSection(SolutionProperties) = preSolution
		HideSolutionNode = FALSE
	EndGlobalSection
	GlobalSection(ExtensibilityGlobals) = postSolution
		SolutionGuid = {F4B72C67-B79E-4581-BC73-6B133874EEB4}
	EndGlobalSection
EndGlobal
